<?xml version="1.0" encoding="utf-8"?>
<Project ToolsVersion="4.0" xmlns="http://schemas.microsoft.com/developer/msbuild/2003">
  <ItemGroup>
    <Filter Include="coroutine">
      <UniqueIdentifier>{44f42267-f0ae-40c4-ac5d-efb837088044}</UniqueIdentifier>
    </Filter>
    <Filter Include="test">
      <UniqueIdentifier>{4a28942f-11c5-4837-8735-cbd30c80bfaa}</UniqueIdentifier>
    </Filter>
  </ItemGroup>
  <ItemGroup>
    <ClCompile Include="vstest.thread.cpp">
      <Filter>test</Filter>
    </ClCompile>
    <ClCompile Include="vstest.memory.cpp">
      <Filter>test</Filter>
    </ClCompile>
    <ClCompile Include="vstest.channel.cpp">
      <Filter>test</Filter>
    </ClCompile>
    <ClCompile Include="vstest.net.cpp">
      <Filter>test</Filter>
    </ClCompile>
    <ClCompile Include="vstest.sequence.cpp">
      <Filter>test</Filter>
    </ClCompile>
    <ClCompile Include="vstest.unplug.cpp">
      <Filter>test</Filter>
    </ClCompile>
  </ItemGroup>
  <ItemGroup>
    <ClInclude Include="..\interface\coroutine\channel.hpp">
      <Filter>coroutine</Filter>
    </ClInclude>
    <ClInclude Include="..\interface\coroutine\sequence.hpp">
      <Filter>coroutine</Filter>
    </ClInclude>
    <ClInclude Include="..\interface\coroutine\switch.h">
      <Filter>coroutine</Filter>
    </ClInclude>
    <ClInclude Include="..\interface\coroutine\sync.h">
      <Filter>coroutine</Filter>
    </ClInclude>
    <ClInclude Include="..\interface\coroutine\unplug.hpp">
      <Filter>coroutine</Filter>
    </ClInclude>
  </ItemGroup>
</Project>