<?xml version="1.0" encoding="utf-8"?>
<Project ToolsVersion="4.0" xmlns="http://schemas.microsoft.com/developer/msbuild/2003">
  <ItemGroup>
    <Filter Include="coroutine">
      <UniqueIdentifier>{44f42267-f0ae-40c4-ac5d-efb837088044}</UniqueIdentifier>
    </Filter>
    <Filter Include="test">
      <UniqueIdentifier>{4a28942f-11c5-4837-8735-cbd30c80bfaa}</UniqueIdentifier>
    </Filter>
    <Filter Include="test\vs">
      <UniqueIdentifier>{cab41e1e-9780-4bf4-a721-9bb404c93723}</UniqueIdentifier>
    </Filter>
  </ItemGroup>
  <ItemGroup>
    <ClInclude Include="..\interface\coroutine\channel.hpp">
      <Filter>coroutine</Filter>
    </ClInclude>
    <ClInclude Include="..\interface\coroutine\sequence.hpp">
      <Filter>coroutine</Filter>
    </ClInclude>
    <ClInclude Include="..\interface\coroutine\switch.h">
      <Filter>coroutine</Filter>
    </ClInclude>
    <ClInclude Include="..\interface\coroutine\sync.h">
      <Filter>coroutine</Filter>
    </ClInclude>
    <ClInclude Include="..\interface\coroutine\unplug.hpp">
      <Filter>coroutine</Filter>
    </ClInclude>
    <ClInclude Include="..\interface\coroutine\enumerable.hpp">
      <Filter>coroutine</Filter>
    </ClInclude>
    <ClInclude Include="test.h">
      <Filter>test</Filter>
    </ClInclude>
    <ClInclude Include="vs\vstest.h">
      <Filter>test\vs</Filter>
    </ClInclude>
  </ItemGroup>
  <ItemGroup>
    <ClCompile Include="vs\channel.cpp">
      <Filter>test\vs</Filter>
    </ClCompile>
    <ClCompile Include="vs\unplug.cpp">
      <Filter>test\vs</Filter>
    </ClCompile>
    <ClCompile Include="vs\generator.cpp">
      <Filter>test\vs</Filter>
    </ClCompile>
    <ClCompile Include="vs\async_generator.cpp">
      <Filter>test\vs</Filter>
    </ClCompile>
    <ClCompile Include="vs\wait_group.cpp">
      <Filter>test\vs</Filter>
    </ClCompile>
    <ClCompile Include="vs\messaging.cpp">
      <Filter>test\vs</Filter>
    </ClCompile>
  </ItemGroup>
</Project>