<?xml version="1.0" encoding="utf-8"?>
<Project ToolsVersion="4.0" xmlns="http://schemas.microsoft.com/developer/msbuild/2003">
  <ItemGroup>
    <ClCompile Include="channel.cpp">
      <Filter>vstest</Filter>
    </ClCompile>
    <ClCompile Include="switch.cpp">
      <Filter>vstest</Filter>
    </ClCompile>
    <ClCompile Include="net.cpp">
      <Filter>vstest</Filter>
    </ClCompile>
  </ItemGroup>
  <ItemGroup>
    <Filter Include="vstest">
      <UniqueIdentifier>{4a28942f-11c5-4837-8735-cbd30c80bfaa}</UniqueIdentifier>
    </Filter>
    <Filter Include="magic">
      <UniqueIdentifier>{1f1eda70-8938-4ce0-861f-afe95d439e6c}</UniqueIdentifier>
    </Filter>
  </ItemGroup>
  <ItemGroup>
    <ClInclude Include="..\src\magic\channel.hpp">
      <Filter>magic</Filter>
    </ClInclude>
    <ClInclude Include="..\src\magic\coroutine.hpp">
      <Filter>magic</Filter>
    </ClInclude>
    <ClInclude Include="..\src\magic\date_time.hpp">
      <Filter>magic</Filter>
    </ClInclude>
    <ClInclude Include="..\src\magic\linkable.h">
      <Filter>magic</Filter>
    </ClInclude>
    <ClInclude Include="..\src\magic\memory.hpp">
      <Filter>magic</Filter>
    </ClInclude>
    <ClInclude Include="..\src\magic\plugin.hpp">
      <Filter>magic</Filter>
    </ClInclude>
    <ClInclude Include="..\src\magic\stop_watch.hpp">
      <Filter>magic</Filter>
    </ClInclude>
    <ClInclude Include="..\src\magic\switch.h">
      <Filter>magic</Filter>
    </ClInclude>
    <ClInclude Include="..\src\magic\sync.h">
      <Filter>magic</Filter>
    </ClInclude>
  </ItemGroup>
</Project>