<?xml version="1.0" encoding="utf-8"?>
<Project ToolsVersion="4.0" xmlns="http://schemas.microsoft.com/developer/msbuild/2003">
  <ItemGroup>
    <Filter Include="coroutine">
      <UniqueIdentifier>{93995380-89BD-4b04-88EB-625FBE52EBFB}</UniqueIdentifier>
      <Extensions>h;hh;hpp;hxx;hm;inl;inc;xsd</Extensions>
    </Filter>
    <Filter Include="windows">
      <UniqueIdentifier>{737376e5-3f53-4b44-85d3-0e4212b62559}</UniqueIdentifier>
    </Filter>
    <Filter Include="net">
      <UniqueIdentifier>{0519d8a2-1283-4abb-8894-7628c971e825}</UniqueIdentifier>
    </Filter>
  </ItemGroup>
  <ItemGroup>
    <ClCompile Include="net\resolver.cpp">
      <Filter>net</Filter>
    </ClCompile>
    <ClCompile Include="windows\concrt.cpp">
      <Filter>windows</Filter>
    </ClCompile>
    <ClCompile Include="windows\dllmain.cpp">
      <Filter>windows</Filter>
    </ClCompile>
    <ClCompile Include="windows\net.cpp">
      <Filter>windows</Filter>
    </ClCompile>
    <ClCompile Include="windows\suspend.cpp">
      <Filter>windows</Filter>
    </ClCompile>
  </ItemGroup>
  <ItemGroup>
    <ClInclude Include="..\interface\coroutine\channel.hpp">
      <Filter>coroutine</Filter>
    </ClInclude>
    <ClInclude Include="..\interface\coroutine\concrt.h">
      <Filter>coroutine</Filter>
    </ClInclude>
    <ClInclude Include="..\interface\coroutine\frame.h">
      <Filter>coroutine</Filter>
    </ClInclude>
    <ClInclude Include="..\interface\coroutine\net.h">
      <Filter>coroutine</Filter>
    </ClInclude>
    <ClInclude Include="..\interface\coroutine\return.h">
      <Filter>coroutine</Filter>
    </ClInclude>
    <ClInclude Include="..\interface\coroutine\suspend.h">
      <Filter>coroutine</Filter>
    </ClInclude>
    <ClInclude Include="..\interface\coroutine\yield.hpp">
      <Filter>coroutine</Filter>
    </ClInclude>
  </ItemGroup>
</Project>