<?xml version="1.0" encoding="utf-8"?>
<Project ToolsVersion="4.0" xmlns="http://schemas.microsoft.com/developer/msbuild/2003">
  <ItemGroup>
    <ClCompile Include="..\yield_enumerable_accumulate.cpp" />
    <ClCompile Include="..\yield_enumerable_iterator.cpp" />
    <ClCompile Include="..\yield_enumerable_max_element.cpp" />
    <ClCompile Include="..\yield_enumerable_move.cpp" />
    <ClCompile Include="..\yield_enumerable_yield_never.cpp" />
    <ClCompile Include="..\yield_enumerable_yield_once.cpp" />
    <ClCompile Include="..\yield_sequence_destroy.cpp" />
    <ClCompile Include="..\yield_sequence_frame_status.cpp" />
    <ClCompile Include="..\yield_sequence_suspend_await.cpp" />
    <ClCompile Include="..\yield_sequence_suspend_yield.cpp" />
    <ClCompile Include="..\yield_sequence_yield_never.cpp" />
    <ClCompile Include="..\yield_sequence_yield_once.cpp" />
    <ClCompile Include="..\test.cpp" />
    <ClCompile Include="..\yield_enumerable_yield_rvalue.cpp" />
  </ItemGroup>
  <ItemGroup>
    <ClInclude Include="..\test.h" />
  </ItemGroup>
</Project>