<?xml version="1.0" encoding="utf-8"?>
<Project ToolsVersion="4.0" xmlns="http://schemas.microsoft.com/developer/msbuild/2003">
  <ItemGroup>
    <ClCompile Include="..\net_echo_tcp.cpp" />
    <ClCompile Include="..\net_echo_udp.cpp" />
    <ClCompile Include="..\net_get_addrinfo_ip6_bind.cpp" />
    <ClCompile Include="..\net_get_addrinfo_ip6_multicast.cpp" />
    <ClCompile Include="..\net_get_addrinfo_tcp6_connect.cpp" />
    <ClCompile Include="..\net_get_addrinfo_tcp6_listen_numeric.cpp" />
    <ClCompile Include="..\net_get_addrinfo_tcp6_listen_text.cpp" />
    <ClCompile Include="..\net_get_addrinfo_udp6_unspecified.cpp" />
    <ClCompile Include="..\net_get_addrinfo_udp6_v4mapped.cpp" />
    <ClCompile Include="..\net_get_hostname.cpp" />
    <ClCompile Include="..\net_get_nameinfo_v4.cpp" />
    <ClCompile Include="..\net_get_nameinfo_v6.cpp" />
    <ClCompile Include="..\test_network.cpp" />
  </ItemGroup>
  <ItemGroup>
    <ClInclude Include="..\test_network.h" />
    <ClInclude Include="..\test_shared.h" />
  </ItemGroup>
</Project>