<?xml version="1.0" encoding="utf-8"?>
<Project ToolsVersion="4.0" xmlns="http://schemas.microsoft.com/developer/msbuild/2003">
  <ItemGroup>
    <ClCompile Include="..\return_forget_frame_subroutine.cpp" />
    <ClCompile Include="..\return_forget_frame_with_await.cpp" />
    <ClCompile Include="..\return_preserve_frame_destroy_with_handle.cpp" />
    <ClCompile Include="..\return_preserve_frame_destroy_with_return.cpp" />
    <ClCompile Include="..\return_preserve_frame_empty.cpp" />
    <ClCompile Include="..\test.cpp" />
  </ItemGroup>
  <ItemGroup>
    <ClInclude Include="..\test.h" />
  </ItemGroup>
</Project>