<?xml version="1.0" encoding="utf-8"?>
<Project ToolsVersion="4.0" xmlns="http://schemas.microsoft.com/developer/msbuild/2003">
  <ItemGroup>
    <ClInclude Include="..\test_shared.h" />
  </ItemGroup>
  <ItemGroup>
    <ClCompile Include="..\coro_frame_awaitable.cpp" />
    <ClCompile Include="..\coro_frame_empty.cpp" />
    <ClCompile Include="..\coro_frame_return.cpp" />
    <ClCompile Include="..\coro_frame_suspend.cpp" />
    <ClCompile Include="..\coro_no_return.cpp" />
    <ClCompile Include="..\handle_move.cpp" />
    <ClCompile Include="..\handle_swap.cpp" />
  </ItemGroup>
</Project>