<?xml version="1.0" encoding="utf-8"?>
<Project ToolsVersion="4.0" xmlns="http://schemas.microsoft.com/developer/msbuild/2003">
  <ItemGroup>
    <Filter Include="net">
      <UniqueIdentifier>{93995380-89BD-4b04-88EB-625FBE52EBFB}</UniqueIdentifier>
      <Extensions>h;hh;hpp;hxx;hm;inl;inc;ipp;xsd</Extensions>
    </Filter>
  </ItemGroup>
  <ItemGroup>
    <ClCompile Include="net\aio.cpp">
      <Filter>net</Filter>
    </ClCompile>
    <ClCompile Include="net\dllmain.cpp">
      <Filter>net</Filter>
    </ClCompile>
    <ClCompile Include="net\resolver.cpp">
      <Filter>net</Filter>
    </ClCompile>
  </ItemGroup>
  <ItemGroup>
    <ClInclude Include="net\net.h">
      <Filter>net</Filter>
    </ClInclude>
  </ItemGroup>
</Project>